// !$*UTF8*$!
{
	archiveVersion = 1;
	classes = {
	};
	objectVersion = 51;
	objects = {

/* Begin PBXBuildFile section */
		408679B4262B2DC100981BCF /* AppDelegate.swift in Sources */ = {isa = PBXBuildFile; fileRef = 408679B3262B2DC100981BCF /* AppDelegate.swift */; };
		408679B6262B2DC100981BCF /* SceneDelegate.swift in Sources */ = {isa = PBXBuildFile; fileRef = 408679B5262B2DC100981BCF /* SceneDelegate.swift */; };
		408679B8262B2DC100981BCF /* HomeViewController.swift in Sources */ = {isa = PBXBuildFile; fileRef = 408679B7262B2DC100981BCF /* HomeViewController.swift */; };
		408679BD262B2DC600981BCF /* Assets.xcassets in Resources */ = {isa = PBXBuildFile; fileRef = 408679BC262B2DC600981BCF /* Assets.xcassets */; };
		408679C0262B2DC600981BCF /* LaunchScreen.storyboard in Resources */ = {isa = PBXBuildFile; fileRef = 408679BE262B2DC600981BCF /* LaunchScreen.storyboard */; };
		408679D0262B2FB300981BCF /* TabBarViewController.swift in Sources */ = {isa = PBXBuildFile; fileRef = 408679CF262B2FB300981BCF /* TabBarViewController.swift */; };
		408679D3262B2FD800981BCF /* SearchViewController.swift in Sources */ = {isa = PBXBuildFile; fileRef = 408679D2262B2FD800981BCF /* SearchViewController.swift */; };
		408679D7262B2FED00981BCF /* LibraryViewController.swift in Sources */ = {isa = PBXBuildFile; fileRef = 408679D6262B2FED00981BCF /* LibraryViewController.swift */; };
		408679DC262B301D00981BCF /* AuthViewController.swift in Sources */ = {isa = PBXBuildFile; fileRef = 408679DB262B301D00981BCF /* AuthViewController.swift */; };
		408679E0262B302C00981BCF /* WelcomeViewController.swift in Sources */ = {isa = PBXBuildFile; fileRef = 408679DF262B302C00981BCF /* WelcomeViewController.swift */; };
		408679E3262B304000981BCF /* SettingsViewController.swift in Sources */ = {isa = PBXBuildFile; fileRef = 408679E2262B304000981BCF /* SettingsViewController.swift */; };
		408679E6262B305200981BCF /* ProfileViewController.swift in Sources */ = {isa = PBXBuildFile; fileRef = 408679E5262B305200981BCF /* ProfileViewController.swift */; };
		408679E9262B306200981BCF /* PlayerViewController.swift in Sources */ = {isa = PBXBuildFile; fileRef = 408679E8262B306200981BCF /* PlayerViewController.swift */; };
		408679EC262B306F00981BCF /* PlaylistViewController.swift in Sources */ = {isa = PBXBuildFile; fileRef = 408679EB262B306F00981BCF /* PlaylistViewController.swift */; };
		408679EF262B308D00981BCF /* SearchResultsViewController.swift in Sources */ = {isa = PBXBuildFile; fileRef = 408679EE262B308D00981BCF /* SearchResultsViewController.swift */; };
		408679F2262B30B200981BCF /* AuthManager.swift in Sources */ = {isa = PBXBuildFile; fileRef = 408679F1262B30B200981BCF /* AuthManager.swift */; };
		408679F5262B30C300981BCF /* APICaller.swift in Sources */ = {isa = PBXBuildFile; fileRef = 408679F4262B30C300981BCF /* APICaller.swift */; };
		408679F8262B30D400981BCF /* HapticsManager.swift in Sources */ = {isa = PBXBuildFile; fileRef = 408679F7262B30D400981BCF /* HapticsManager.swift */; };
		408679FB262B30F500981BCF /* Playlist.swift in Sources */ = {isa = PBXBuildFile; fileRef = 408679FA262B30F500981BCF /* Playlist.swift */; };
		408679FE262B310100981BCF /* AudioTrack.swift in Sources */ = {isa = PBXBuildFile; fileRef = 408679FD262B310100981BCF /* AudioTrack.swift */; };
		40867A01262B310E00981BCF /* Artist.swift in Sources */ = {isa = PBXBuildFile; fileRef = 40867A00262B310E00981BCF /* Artist.swift */; };
		40867A04262B311B00981BCF /* UserProfile.swift in Sources */ = {isa = PBXBuildFile; fileRef = 40867A03262B311B00981BCF /* UserProfile.swift */; };
		40867A08262B363C00981BCF /* Credentials.swift in Sources */ = {isa = PBXBuildFile; fileRef = 40867A07262B363C00981BCF /* Credentials.swift */; };
		40867A0C262B3B5F00981BCF /* Extensions.swift in Sources */ = {isa = PBXBuildFile; fileRef = 40867A0B262B3B5F00981BCF /* Extensions.swift */; };
		40867A0F262B85E500981BCF /* AuthResponse.swift in Sources */ = {isa = PBXBuildFile; fileRef = 40867A0E262B85E500981BCF /* AuthResponse.swift */; };
		40B1C9C7262FA6A0007CA0F1 /* SettingsModels.swift in Sources */ = {isa = PBXBuildFile; fileRef = 40B1C9C6262FA6A0007CA0F1 /* SettingsModels.swift */; };
		40B1C9E926306E97007CA0F1 /* NewReleasesResponse.swift in Sources */ = {isa = PBXBuildFile; fileRef = 40B1C9E826306E97007CA0F1 /* NewReleasesResponse.swift */; };
		40B1C9EC26306F73007CA0F1 /* APIImage.swift in Sources */ = {isa = PBXBuildFile; fileRef = 40B1C9EB26306F73007CA0F1 /* APIImage.swift */; };
		40B1C9FF26307294007CA0F1 /* FeaturedPlaylistsResponse.swift in Sources */ = {isa = PBXBuildFile; fileRef = 40B1C9FE26307294007CA0F1 /* FeaturedPlaylistsResponse.swift */; };
		40B1CA02263075A7007CA0F1 /* RecommendedGenresResponse.swift in Sources */ = {isa = PBXBuildFile; fileRef = 40B1CA01263075A7007CA0F1 /* RecommendedGenresResponse.swift */; };
		40B1CA0526307824007CA0F1 /* RecommendationsResponse.swift in Sources */ = {isa = PBXBuildFile; fileRef = 40B1CA0426307824007CA0F1 /* RecommendationsResponse.swift */; };
		40B1CA092630BEF3007CA0F1 /* NewReleaseCollectionViewCell.swift in Sources */ = {isa = PBXBuildFile; fileRef = 40B1CA082630BEF3007CA0F1 /* NewReleaseCollectionViewCell.swift */; };
		40B1CA0D2630BF1D007CA0F1 /* FeaturedPlaylistCollectionViewCell.swift in Sources */ = {isa = PBXBuildFile; fileRef = 40B1CA0C2630BF1D007CA0F1 /* FeaturedPlaylistCollectionViewCell.swift */; };
		40B1CA102630BF39007CA0F1 /* RecommendedTrackCollectionViewCell.swift in Sources */ = {isa = PBXBuildFile; fileRef = 40B1CA0F2630BF39007CA0F1 /* RecommendedTrackCollectionViewCell.swift */; };
		7544EA62599880096DB64541 /* Pods_SpotifyClone.framework in Frameworks */ = {isa = PBXBuildFile; fileRef = 3B0963EACB921AF6731562EE /* Pods_SpotifyClone.framework */; };
/* End PBXBuildFile section */

/* Begin PBXFileReference section */
		09AEBE04A4A5866BBE110B53 /* Pods-SpotifyClone.release.xcconfig */ = {isa = PBXFileReference; includeInIndex = 1; lastKnownFileType = text.xcconfig; name = "Pods-SpotifyClone.release.xcconfig"; path = "Target Support Files/Pods-SpotifyClone/Pods-SpotifyClone.release.xcconfig"; sourceTree = "<group>"; };
		3B0963EACB921AF6731562EE /* Pods_SpotifyClone.framework */ = {isa = PBXFileReference; explicitFileType = wrapper.framework; includeInIndex = 0; path = Pods_SpotifyClone.framework; sourceTree = BUILT_PRODUCTS_DIR; };
		408679B0262B2DC100981BCF /* SpotifyClone.app */ = {isa = PBXFileReference; explicitFileType = wrapper.application; includeInIndex = 0; path = SpotifyClone.app; sourceTree = BUILT_PRODUCTS_DIR; };
		408679B3262B2DC100981BCF /* AppDelegate.swift */ = {isa = PBXFileReference; lastKnownFileType = sourcecode.swift; path = AppDelegate.swift; sourceTree = "<group>"; };
		408679B5262B2DC100981BCF /* SceneDelegate.swift */ = {isa = PBXFileReference; lastKnownFileType = sourcecode.swift; path = SceneDelegate.swift; sourceTree = "<group>"; };
		408679B7262B2DC100981BCF /* HomeViewController.swift */ = {isa = PBXFileReference; lastKnownFileType = sourcecode.swift; path = HomeViewController.swift; sourceTree = "<group>"; };
		408679BC262B2DC600981BCF /* Assets.xcassets */ = {isa = PBXFileReference; lastKnownFileType = folder.assetcatalog; path = Assets.xcassets; sourceTree = "<group>"; };
		408679BF262B2DC600981BCF /* Base */ = {isa = PBXFileReference; lastKnownFileType = file.storyboard; name = Base; path = Base.lproj/LaunchScreen.storyboard; sourceTree = "<group>"; };
		408679C1262B2DC600981BCF /* Info.plist */ = {isa = PBXFileReference; lastKnownFileType = text.plist.xml; path = Info.plist; sourceTree = "<group>"; };
		408679CF262B2FB300981BCF /* TabBarViewController.swift */ = {isa = PBXFileReference; lastKnownFileType = sourcecode.swift; path = TabBarViewController.swift; sourceTree = "<group>"; };
		408679D2262B2FD800981BCF /* SearchViewController.swift */ = {isa = PBXFileReference; lastKnownFileType = sourcecode.swift; path = SearchViewController.swift; sourceTree = "<group>"; };
		408679D6262B2FED00981BCF /* LibraryViewController.swift */ = {isa = PBXFileReference; lastKnownFileType = sourcecode.swift; path = LibraryViewController.swift; sourceTree = "<group>"; };
		408679DB262B301D00981BCF /* AuthViewController.swift */ = {isa = PBXFileReference; lastKnownFileType = sourcecode.swift; path = AuthViewController.swift; sourceTree = "<group>"; };
		408679DF262B302C00981BCF /* WelcomeViewController.swift */ = {isa = PBXFileReference; lastKnownFileType = sourcecode.swift; path = WelcomeViewController.swift; sourceTree = "<group>"; };
		408679E2262B304000981BCF /* SettingsViewController.swift */ = {isa = PBXFileReference; lastKnownFileType = sourcecode.swift; path = SettingsViewController.swift; sourceTree = "<group>"; };
		408679E5262B305200981BCF /* ProfileViewController.swift */ = {isa = PBXFileReference; lastKnownFileType = sourcecode.swift; path = ProfileViewController.swift; sourceTree = "<group>"; };
		408679E8262B306200981BCF /* PlayerViewController.swift */ = {isa = PBXFileReference; lastKnownFileType = sourcecode.swift; path = PlayerViewController.swift; sourceTree = "<group>"; };
		408679EB262B306F00981BCF /* PlaylistViewController.swift */ = {isa = PBXFileReference; lastKnownFileType = sourcecode.swift; path = PlaylistViewController.swift; sourceTree = "<group>"; };
		408679EE262B308D00981BCF /* SearchResultsViewController.swift */ = {isa = PBXFileReference; lastKnownFileType = sourcecode.swift; path = SearchResultsViewController.swift; sourceTree = "<group>"; };
		408679F1262B30B200981BCF /* AuthManager.swift */ = {isa = PBXFileReference; lastKnownFileType = sourcecode.swift; path = AuthManager.swift; sourceTree = "<group>"; };
		408679F4262B30C300981BCF /* APICaller.swift */ = {isa = PBXFileReference; lastKnownFileType = sourcecode.swift; path = APICaller.swift; sourceTree = "<group>"; };
		408679F7262B30D400981BCF /* HapticsManager.swift */ = {isa = PBXFileReference; lastKnownFileType = sourcecode.swift; path = HapticsManager.swift; sourceTree = "<group>"; };
		408679FA262B30F500981BCF /* Playlist.swift */ = {isa = PBXFileReference; lastKnownFileType = sourcecode.swift; path = Playlist.swift; sourceTree = "<group>"; };
		408679FD262B310100981BCF /* AudioTrack.swift */ = {isa = PBXFileReference; lastKnownFileType = sourcecode.swift; path = AudioTrack.swift; sourceTree = "<group>"; };
		40867A00262B310E00981BCF /* Artist.swift */ = {isa = PBXFileReference; lastKnownFileType = sourcecode.swift; path = Artist.swift; sourceTree = "<group>"; };
		40867A03262B311B00981BCF /* UserProfile.swift */ = {isa = PBXFileReference; lastKnownFileType = sourcecode.swift; path = UserProfile.swift; sourceTree = "<group>"; };
		40867A07262B363C00981BCF /* Credentials.swift */ = {isa = PBXFileReference; lastKnownFileType = sourcecode.swift; path = Credentials.swift; sourceTree = "<group>"; };
		40867A0B262B3B5F00981BCF /* Extensions.swift */ = {isa = PBXFileReference; lastKnownFileType = sourcecode.swift; path = Extensions.swift; sourceTree = "<group>"; };
		40867A0E262B85E500981BCF /* AuthResponse.swift */ = {isa = PBXFileReference; lastKnownFileType = sourcecode.swift; path = AuthResponse.swift; sourceTree = "<group>"; };
		40B1C9C6262FA6A0007CA0F1 /* SettingsModels.swift */ = {isa = PBXFileReference; lastKnownFileType = sourcecode.swift; path = SettingsModels.swift; sourceTree = "<group>"; };
		40B1C9E826306E97007CA0F1 /* NewReleasesResponse.swift */ = {isa = PBXFileReference; lastKnownFileType = sourcecode.swift; path = NewReleasesResponse.swift; sourceTree = "<group>"; };
		40B1C9EB26306F73007CA0F1 /* APIImage.swift */ = {isa = PBXFileReference; lastKnownFileType = sourcecode.swift; path = APIImage.swift; sourceTree = "<group>"; };
		40B1C9FE26307294007CA0F1 /* FeaturedPlaylistsResponse.swift */ = {isa = PBXFileReference; lastKnownFileType = sourcecode.swift; path = FeaturedPlaylistsResponse.swift; sourceTree = "<group>"; };
		40B1CA01263075A7007CA0F1 /* RecommendedGenresResponse.swift */ = {isa = PBXFileReference; lastKnownFileType = sourcecode.swift; path = RecommendedGenresResponse.swift; sourceTree = "<group>"; };
		40B1CA0426307824007CA0F1 /* RecommendationsResponse.swift */ = {isa = PBXFileReference; lastKnownFileType = sourcecode.swift; path = RecommendationsResponse.swift; sourceTree = "<group>"; };
		40B1CA082630BEF3007CA0F1 /* NewReleaseCollectionViewCell.swift */ = {isa = PBXFileReference; lastKnownFileType = sourcecode.swift; path = NewReleaseCollectionViewCell.swift; sourceTree = "<group>"; };
		40B1CA0C2630BF1D007CA0F1 /* FeaturedPlaylistCollectionViewCell.swift */ = {isa = PBXFileReference; lastKnownFileType = sourcecode.swift; path = FeaturedPlaylistCollectionViewCell.swift; sourceTree = "<group>"; };
		40B1CA0F2630BF39007CA0F1 /* RecommendedTrackCollectionViewCell.swift */ = {isa = PBXFileReference; lastKnownFileType = sourcecode.swift; path = RecommendedTrackCollectionViewCell.swift; sourceTree = "<group>"; };
		457BA8B579CF50FE2C9B668D /* Pods-SpotifyClone.debug.xcconfig */ = {isa = PBXFileReference; includeInIndex = 1; lastKnownFileType = text.xcconfig; name = "Pods-SpotifyClone.debug.xcconfig"; path = "Target Support Files/Pods-SpotifyClone/Pods-SpotifyClone.debug.xcconfig"; sourceTree = "<group>"; };
/* End PBXFileReference section */

/* Begin PBXFrameworksBuildPhase section */
		408679AD262B2DC100981BCF /* Frameworks */ = {
			isa = PBXFrameworksBuildPhase;
			buildActionMask = 2147483647;
			files = (
				7544EA62599880096DB64541 /* Pods_SpotifyClone.framework in Frameworks */,
			);
			runOnlyForDeploymentPostprocessing = 0;
		};
/* End PBXFrameworksBuildPhase section */

/* Begin PBXGroup section */
		408679A7262B2DC100981BCF = {
			isa = PBXGroup;
			children = (
				408679B2262B2DC100981BCF /* SpotifyClone */,
				408679B1262B2DC100981BCF /* Products */,
				F8014D27EAC756DE2EDC1E70 /* Pods */,
				C32D7314CBA00CA4D03E2C72 /* Frameworks */,
			);
			sourceTree = "<group>";
		};
		408679B1262B2DC100981BCF /* Products */ = {
			isa = PBXGroup;
			children = (
				408679B0262B2DC100981BCF /* SpotifyClone.app */,
			);
			name = Products;
			sourceTree = "<group>";
		};
		408679B2262B2DC100981BCF /* SpotifyClone */ = {
			isa = PBXGroup;
			children = (
				408679CD262B2E1A00981BCF /* Resources */,
				408679CC262B2E0D00981BCF /* Managers */,
				408679CB262B2E0200981BCF /* ViewModels */,
				408679CA262B2DFB00981BCF /* Models */,
				408679C9262B2DF400981BCF /* Views */,
				408679C8262B2DE900981BCF /* Controllers */,
				408679C1262B2DC600981BCF /* Info.plist */,
			);
			path = SpotifyClone;
			sourceTree = "<group>";
		};
		408679C8262B2DE900981BCF /* Controllers */ = {
			isa = PBXGroup;
			children = (
				408679DA262B300300981BCF /* Other */,
				408679D9262B2FF700981BCF /* Core */,
			);
			path = Controllers;
			sourceTree = "<group>";
		};
		408679C9262B2DF400981BCF /* Views */ = {
			isa = PBXGroup;
			children = (
				40B1CA072630BEB6007CA0F1 /* Browse */,
				408679BE262B2DC600981BCF /* LaunchScreen.storyboard */,
			);
			path = Views;
			sourceTree = "<group>";
		};
		408679CA262B2DFB00981BCF /* Models */ = {
			isa = PBXGroup;
			children = (
				408679FA262B30F500981BCF /* Playlist.swift */,
				408679FD262B310100981BCF /* AudioTrack.swift */,
				40867A00262B310E00981BCF /* Artist.swift */,
				40867A03262B311B00981BCF /* UserProfile.swift */,
				40867A0E262B85E500981BCF /* AuthResponse.swift */,
				40B1C9C6262FA6A0007CA0F1 /* SettingsModels.swift */,
				40B1C9E826306E97007CA0F1 /* NewReleasesResponse.swift */,
				40B1C9EB26306F73007CA0F1 /* APIImage.swift */,
				40B1C9FE26307294007CA0F1 /* FeaturedPlaylistsResponse.swift */,
				40B1CA01263075A7007CA0F1 /* RecommendedGenresResponse.swift */,
				40B1CA0426307824007CA0F1 /* RecommendationsResponse.swift */,
			);
			path = Models;
			sourceTree = "<group>";
		};
		408679CB262B2E0200981BCF /* ViewModels */ = {
			isa = PBXGroup;
			children = (
			);
			path = ViewModels;
			sourceTree = "<group>";
		};
		408679CC262B2E0D00981BCF /* Managers */ = {
			isa = PBXGroup;
			children = (
				408679F1262B30B200981BCF /* AuthManager.swift */,
				408679F4262B30C300981BCF /* APICaller.swift */,
				408679F7262B30D400981BCF /* HapticsManager.swift */,
				40867A07262B363C00981BCF /* Credentials.swift */,
			);
			path = Managers;
			sourceTree = "<group>";
		};
		408679CD262B2E1A00981BCF /* Resources */ = {
			isa = PBXGroup;
			children = (
				408679B3262B2DC100981BCF /* AppDelegate.swift */,
				408679BC262B2DC600981BCF /* Assets.xcassets */,
				408679B5262B2DC100981BCF /* SceneDelegate.swift */,
				40867A0B262B3B5F00981BCF /* Extensions.swift */,
			);
			path = Resources;
			sourceTree = "<group>";
		};
		408679D9262B2FF700981BCF /* Core */ = {
			isa = PBXGroup;
			children = (
				408679B7262B2DC100981BCF /* HomeViewController.swift */,
				408679CF262B2FB300981BCF /* TabBarViewController.swift */,
				408679D2262B2FD800981BCF /* SearchViewController.swift */,
				408679D6262B2FED00981BCF /* LibraryViewController.swift */,
			);
			path = Core;
			sourceTree = "<group>";
		};
		408679DA262B300300981BCF /* Other */ = {
			isa = PBXGroup;
			children = (
				408679DB262B301D00981BCF /* AuthViewController.swift */,
				408679DF262B302C00981BCF /* WelcomeViewController.swift */,
				408679E2262B304000981BCF /* SettingsViewController.swift */,
				408679E5262B305200981BCF /* ProfileViewController.swift */,
				408679E8262B306200981BCF /* PlayerViewController.swift */,
				408679EB262B306F00981BCF /* PlaylistViewController.swift */,
				408679EE262B308D00981BCF /* SearchResultsViewController.swift */,
			);
			path = Other;
			sourceTree = "<group>";
		};
		40B1CA072630BEB6007CA0F1 /* Browse */ = {
			isa = PBXGroup;
			children = (
				40B1CA082630BEF3007CA0F1 /* NewReleaseCollectionViewCell.swift */,
				40B1CA0C2630BF1D007CA0F1 /* FeaturedPlaylistCollectionViewCell.swift */,
				40B1CA0F2630BF39007CA0F1 /* RecommendedTrackCollectionViewCell.swift */,
			);
			path = Browse;
			sourceTree = "<group>";
		};
		C32D7314CBA00CA4D03E2C72 /* Frameworks */ = {
			isa = PBXGroup;
			children = (
				3B0963EACB921AF6731562EE /* Pods_SpotifyClone.framework */,
			);
			name = Frameworks;
			sourceTree = "<group>";
		};
		F8014D27EAC756DE2EDC1E70 /* Pods */ = {
			isa = PBXGroup;
			children = (
				457BA8B579CF50FE2C9B668D /* Pods-SpotifyClone.debug.xcconfig */,
				09AEBE04A4A5866BBE110B53 /* Pods-SpotifyClone.release.xcconfig */,
			);
			path = Pods;
			sourceTree = "<group>";
		};
/* End PBXGroup section */

/* Begin PBXNativeTarget section */
		408679AF262B2DC100981BCF /* SpotifyClone */ = {
			isa = PBXNativeTarget;
			buildConfigurationList = 408679C4262B2DC600981BCF /* Build configuration list for PBXNativeTarget "SpotifyClone" */;
			buildPhases = (
				F9F0FD0BA7F0122B2A1CAE01 /* [CP] Check Pods Manifest.lock */,
				408679AC262B2DC100981BCF /* Sources */,
				408679AD262B2DC100981BCF /* Frameworks */,
				408679AE262B2DC100981BCF /* Resources */,
				3B1EC0A803E8FB837F720FA1 /* [CP] Embed Pods Frameworks */,
			);
			buildRules = (
			);
			dependencies = (
			);
			name = SpotifyClone;
			productName = SpotifyClone;
			productReference = 408679B0262B2DC100981BCF /* SpotifyClone.app */;
			productType = "com.apple.product-type.application";
		};
/* End PBXNativeTarget section */

/* Begin PBXProject section */
		408679A8262B2DC100981BCF /* Project object */ = {
			isa = PBXProject;
			attributes = {
				LastSwiftUpdateCheck = 1240;
				LastUpgradeCheck = 1240;
				TargetAttributes = {
					408679AF262B2DC100981BCF = {
						CreatedOnToolsVersion = 12.4;
					};
				};
			};
			buildConfigurationList = 408679AB262B2DC100981BCF /* Build configuration list for PBXProject "SpotifyClone" */;
			compatibilityVersion = "Xcode 9.3";
			developmentRegion = en;
			hasScannedForEncodings = 0;
			knownRegions = (
				en,
				Base,
			);
			mainGroup = 408679A7262B2DC100981BCF;
			productRefGroup = 408679B1262B2DC100981BCF /* Products */;
			projectDirPath = "";
			projectRoot = "";
			targets = (
				408679AF262B2DC100981BCF /* SpotifyClone */,
			);
		};
/* End PBXProject section */

/* Begin PBXResourcesBuildPhase section */
		408679AE262B2DC100981BCF /* Resources */ = {
			isa = PBXResourcesBuildPhase;
			buildActionMask = 2147483647;
			files = (
				408679C0262B2DC600981BCF /* LaunchScreen.storyboard in Resources */,
				408679BD262B2DC600981BCF /* Assets.xcassets in Resources */,
			);
			runOnlyForDeploymentPostprocessing = 0;
		};
/* End PBXResourcesBuildPhase section */

/* Begin PBXShellScriptBuildPhase section */
		3B1EC0A803E8FB837F720FA1 /* [CP] Embed Pods Frameworks */ = {
			isa = PBXShellScriptBuildPhase;
			buildActionMask = 2147483647;
			files = (
			);
			inputFileListPaths = (
				"${PODS_ROOT}/Target Support Files/Pods-SpotifyClone/Pods-SpotifyClone-frameworks-${CONFIGURATION}-input-files.xcfilelist",
			);
			name = "[CP] Embed Pods Frameworks";
			outputFileListPaths = (
				"${PODS_ROOT}/Target Support Files/Pods-SpotifyClone/Pods-SpotifyClone-frameworks-${CONFIGURATION}-output-files.xcfilelist",
			);
			runOnlyForDeploymentPostprocessing = 0;
			shellPath = /bin/sh;
			shellScript = "\"${PODS_ROOT}/Target Support Files/Pods-SpotifyClone/Pods-SpotifyClone-frameworks.sh\"\n";
			showEnvVarsInLog = 0;
		};
		F9F0FD0BA7F0122B2A1CAE01 /* [CP] Check Pods Manifest.lock */ = {
			isa = PBXShellScriptBuildPhase;
			buildActionMask = 2147483647;
			files = (
			);
			inputFileListPaths = (
			);
			inputPaths = (
				"${PODS_PODFILE_DIR_PATH}/Podfile.lock",
				"${PODS_ROOT}/Manifest.lock",
			);
			name = "[CP] Check Pods Manifest.lock";
			outputFileListPaths = (
			);
			outputPaths = (
				"$(DERIVED_FILE_DIR)/Pods-SpotifyClone-checkManifestLockResult.txt",
			);
			runOnlyForDeploymentPostprocessing = 0;
			shellPath = /bin/sh;
			shellScript = "diff \"${PODS_PODFILE_DIR_PATH}/Podfile.lock\" \"${PODS_ROOT}/Manifest.lock\" > /dev/null\nif [ $? != 0 ] ; then\n    # print error to STDERR\n    echo \"error: The sandbox is not in sync with the Podfile.lock. Run 'pod install' or update your CocoaPods installation.\" >&2\n    exit 1\nfi\n# This output is used by Xcode 'outputs' to avoid re-running this script phase.\necho \"SUCCESS\" > \"${SCRIPT_OUTPUT_FILE_0}\"\n";
			showEnvVarsInLog = 0;
		};
/* End PBXShellScriptBuildPhase section */

/* Begin PBXSourcesBuildPhase section */
		408679AC262B2DC100981BCF /* Sources */ = {
			isa = PBXSourcesBuildPhase;
			buildActionMask = 2147483647;
			files = (
				408679D3262B2FD800981BCF /* SearchViewController.swift in Sources */,
				40B1CA092630BEF3007CA0F1 /* NewReleaseCollectionViewCell.swift in Sources */,
				40B1CA102630BF39007CA0F1 /* RecommendedTrackCollectionViewCell.swift in Sources */,
				40867A04262B311B00981BCF /* UserProfile.swift in Sources */,
				408679FB262B30F500981BCF /* Playlist.swift in Sources */,
				408679F2262B30B200981BCF /* AuthManager.swift in Sources */,
				40B1CA02263075A7007CA0F1 /* RecommendedGenresResponse.swift in Sources */,
				40B1C9C7262FA6A0007CA0F1 /* SettingsModels.swift in Sources */,
				408679EF262B308D00981BCF /* SearchResultsViewController.swift in Sources */,
				40B1C9EC26306F73007CA0F1 /* APIImage.swift in Sources */,
				408679E0262B302C00981BCF /* WelcomeViewController.swift in Sources */,
				40B1C9E926306E97007CA0F1 /* NewReleasesResponse.swift in Sources */,
				408679E6262B305200981BCF /* ProfileViewController.swift in Sources */,
				408679D0262B2FB300981BCF /* TabBarViewController.swift in Sources */,
				40867A08262B363C00981BCF /* Credentials.swift in Sources */,
				40867A0C262B3B5F00981BCF /* Extensions.swift in Sources */,
				408679F8262B30D400981BCF /* HapticsManager.swift in Sources */,
				408679FE262B310100981BCF /* AudioTrack.swift in Sources */,
				408679B8262B2DC100981BCF /* HomeViewController.swift in Sources */,
				408679DC262B301D00981BCF /* AuthViewController.swift in Sources */,
				408679B4262B2DC100981BCF /* AppDelegate.swift in Sources */,
				40B1CA0D2630BF1D007CA0F1 /* FeaturedPlaylistCollectionViewCell.swift in Sources */,
				408679D7262B2FED00981BCF /* LibraryViewController.swift in Sources */,
				40867A01262B310E00981BCF /* Artist.swift in Sources */,
				408679EC262B306F00981BCF /* PlaylistViewController.swift in Sources */,
				408679B6262B2DC100981BCF /* SceneDelegate.swift in Sources */,
				40B1C9FF26307294007CA0F1 /* FeaturedPlaylistsResponse.swift in Sources */,
				408679E9262B306200981BCF /* PlayerViewController.swift in Sources */,
				408679F5262B30C300981BCF /* APICaller.swift in Sources */,
				40867A0F262B85E500981BCF /* AuthResponse.swift in Sources */,
				408679E3262B304000981BCF /* SettingsViewController.swift in Sources */,
				40B1CA0526307824007CA0F1 /* RecommendationsResponse.swift in Sources */,
			);
			runOnlyForDeploymentPostprocessing = 0;
		};
/* End PBXSourcesBuildPhase section */

/* Begin PBXVariantGroup section */
		408679BE262B2DC600981BCF /* LaunchScreen.storyboard */ = {
			isa = PBXVariantGroup;
			children = (
				408679BF262B2DC600981BCF /* Base */,
			);
			name = LaunchScreen.storyboard;
			sourceTree = "<group>";
		};
/* End PBXVariantGroup section */

/* Begin XCBuildConfiguration section */
		408679C2262B2DC600981BCF /* Debug */ = {
			isa = XCBuildConfiguration;
			buildSettings = {
				ALWAYS_SEARCH_USER_PATHS = NO;
				CLANG_ANALYZER_NONNULL = YES;
				CLANG_ANALYZER_NUMBER_OBJECT_CONVERSION = YES_AGGRESSIVE;
				CLANG_CXX_LANGUAGE_STANDARD = "gnu++14";
				CLANG_CXX_LIBRARY = "libc++";
				CLANG_ENABLE_MODULES = YES;
				CLANG_ENABLE_OBJC_ARC = YES;
				CLANG_ENABLE_OBJC_WEAK = YES;
				CLANG_WARN_BLOCK_CAPTURE_AUTORELEASING = YES;
				CLANG_WARN_BOOL_CONVERSION = YES;
				CLANG_WARN_COMMA = YES;
				CLANG_WARN_CONSTANT_CONVERSION = YES;
				CLANG_WARN_DEPRECATED_OBJC_IMPLEMENTATIONS = YES;
				CLANG_WARN_DIRECT_OBJC_ISA_USAGE = YES_ERROR;
				CLANG_WARN_DOCUMENTATION_COMMENTS = YES;
				CLANG_WARN_EMPTY_BODY = YES;
				CLANG_WARN_ENUM_CONVERSION = YES;
				CLANG_WARN_INFINITE_RECURSION = YES;
				CLANG_WARN_INT_CONVERSION = YES;
				CLANG_WARN_NON_LITERAL_NULL_CONVERSION = YES;
				CLANG_WARN_OBJC_IMPLICIT_RETAIN_SELF = YES;
				CLANG_WARN_OBJC_LITERAL_CONVERSION = YES;
				CLANG_WARN_OBJC_ROOT_CLASS = YES_ERROR;
				CLANG_WARN_QUOTED_INCLUDE_IN_FRAMEWORK_HEADER = YES;
				CLANG_WARN_RANGE_LOOP_ANALYSIS = YES;
				CLANG_WARN_STRICT_PROTOTYPES = YES;
				CLANG_WARN_SUSPICIOUS_MOVE = YES;
				CLANG_WARN_UNGUARDED_AVAILABILITY = YES_AGGRESSIVE;
				CLANG_WARN_UNREACHABLE_CODE = YES;
				CLANG_WARN__DUPLICATE_METHOD_MATCH = YES;
				COPY_PHASE_STRIP = NO;
				DEBUG_INFORMATION_FORMAT = dwarf;
				ENABLE_STRICT_OBJC_MSGSEND = YES;
				ENABLE_TESTABILITY = YES;
				GCC_C_LANGUAGE_STANDARD = gnu11;
				GCC_DYNAMIC_NO_PIC = NO;
				GCC_NO_COMMON_BLOCKS = YES;
				GCC_OPTIMIZATION_LEVEL = 0;
				GCC_PREPROCESSOR_DEFINITIONS = (
					"DEBUG=1",
					"$(inherited)",
				);
				GCC_WARN_64_TO_32_BIT_CONVERSION = YES;
				GCC_WARN_ABOUT_RETURN_TYPE = YES_ERROR;
				GCC_WARN_UNDECLARED_SELECTOR = YES;
				GCC_WARN_UNINITIALIZED_AUTOS = YES_AGGRESSIVE;
				GCC_WARN_UNUSED_FUNCTION = YES;
				GCC_WARN_UNUSED_VARIABLE = YES;
				IPHONEOS_DEPLOYMENT_TARGET = 14.4;
				MTL_ENABLE_DEBUG_INFO = INCLUDE_SOURCE;
				MTL_FAST_MATH = YES;
				ONLY_ACTIVE_ARCH = YES;
				SDKROOT = iphoneos;
				SWIFT_ACTIVE_COMPILATION_CONDITIONS = DEBUG;
				SWIFT_OPTIMIZATION_LEVEL = "-Onone";
			};
			name = Debug;
		};
		408679C3262B2DC600981BCF /* Release */ = {
			isa = XCBuildConfiguration;
			buildSettings = {
				ALWAYS_SEARCH_USER_PATHS = NO;
				CLANG_ANALYZER_NONNULL = YES;
				CLANG_ANALYZER_NUMBER_OBJECT_CONVERSION = YES_AGGRESSIVE;
				CLANG_CXX_LANGUAGE_STANDARD = "gnu++14";
				CLANG_CXX_LIBRARY = "libc++";
				CLANG_ENABLE_MODULES = YES;
				CLANG_ENABLE_OBJC_ARC = YES;
				CLANG_ENABLE_OBJC_WEAK = YES;
				CLANG_WARN_BLOCK_CAPTURE_AUTORELEASING = YES;
				CLANG_WARN_BOOL_CONVERSION = YES;
				CLANG_WARN_COMMA = YES;
				CLANG_WARN_CONSTANT_CONVERSION = YES;
				CLANG_WARN_DEPRECATED_OBJC_IMPLEMENTATIONS = YES;
				CLANG_WARN_DIRECT_OBJC_ISA_USAGE = YES_ERROR;
				CLANG_WARN_DOCUMENTATION_COMMENTS = YES;
				CLANG_WARN_EMPTY_BODY = YES;
				CLANG_WARN_ENUM_CONVERSION = YES;
				CLANG_WARN_INFINITE_RECURSION = YES;
				CLANG_WARN_INT_CONVERSION = YES;
				CLANG_WARN_NON_LITERAL_NULL_CONVERSION = YES;
				CLANG_WARN_OBJC_IMPLICIT_RETAIN_SELF = YES;
				CLANG_WARN_OBJC_LITERAL_CONVERSION = YES;
				CLANG_WARN_OBJC_ROOT_CLASS = YES_ERROR;
				CLANG_WARN_QUOTED_INCLUDE_IN_FRAMEWORK_HEADER = YES;
				CLANG_WARN_RANGE_LOOP_ANALYSIS = YES;
				CLANG_WARN_STRICT_PROTOTYPES = YES;
				CLANG_WARN_SUSPICIOUS_MOVE = YES;
				CLANG_WARN_UNGUARDED_AVAILABILITY = YES_AGGRESSIVE;
				CLANG_WARN_UNREACHABLE_CODE = YES;
				CLANG_WARN__DUPLICATE_METHOD_MATCH = YES;
				COPY_PHASE_STRIP = NO;
				DEBUG_INFORMATION_FORMAT = "dwarf-with-dsym";
				ENABLE_NS_ASSERTIONS = NO;
				ENABLE_STRICT_OBJC_MSGSEND = YES;
				GCC_C_LANGUAGE_STANDARD = gnu11;
				GCC_NO_COMMON_BLOCKS = YES;
				GCC_WARN_64_TO_32_BIT_CONVERSION = YES;
				GCC_WARN_ABOUT_RETURN_TYPE = YES_ERROR;
				GCC_WARN_UNDECLARED_SELECTOR = YES;
				GCC_WARN_UNINITIALIZED_AUTOS = YES_AGGRESSIVE;
				GCC_WARN_UNUSED_FUNCTION = YES;
				GCC_WARN_UNUSED_VARIABLE = YES;
				IPHONEOS_DEPLOYMENT_TARGET = 14.4;
				MTL_ENABLE_DEBUG_INFO = NO;
				MTL_FAST_MATH = YES;
				SDKROOT = iphoneos;
				SWIFT_COMPILATION_MODE = wholemodule;
				SWIFT_OPTIMIZATION_LEVEL = "-O";
				VALIDATE_PRODUCT = YES;
			};
			name = Release;
		};
		408679C5262B2DC600981BCF /* Debug */ = {
			isa = XCBuildConfiguration;
			baseConfigurationReference = 457BA8B579CF50FE2C9B668D /* Pods-SpotifyClone.debug.xcconfig */;
			buildSettings = {
				ASSETCATALOG_COMPILER_APPICON_NAME = AppIcon;
				ASSETCATALOG_COMPILER_GLOBAL_ACCENT_COLOR_NAME = AccentColor;
				CODE_SIGN_STYLE = Automatic;
				DEVELOPMENT_TEAM = TDD3Y58BXM;
				INFOPLIST_FILE = SpotifyClone/Info.plist;
				LD_RUNPATH_SEARCH_PATHS = (
					"$(inherited)",
					"@executable_path/Frameworks",
				);
				PRODUCT_BUNDLE_IDENTIFIER = me.spotify.clone.SpotifyClone;
				PRODUCT_NAME = "$(TARGET_NAME)";
				SWIFT_VERSION = 5.0;
				TARGETED_DEVICE_FAMILY = "1,2";
			};
			name = Debug;
		};
		408679C6262B2DC600981BCF /* Release */ = {
			isa = XCBuildConfiguration;
			baseConfigurationReference = 09AEBE04A4A5866BBE110B53 /* Pods-SpotifyClone.release.xcconfig */;
			buildSettings = {
				ASSETCATALOG_COMPILER_APPICON_NAME = AppIcon;
				ASSETCATALOG_COMPILER_GLOBAL_ACCENT_COLOR_NAME = AccentColor;
				CODE_SIGN_STYLE = Automatic;
				DEVELOPMENT_TEAM = TDD3Y58BXM;
				INFOPLIST_FILE = SpotifyClone/Info.plist;
				LD_RUNPATH_SEARCH_PATHS = (
					"$(inherited)",
					"@executable_path/Frameworks",
				);
				PRODUCT_BUNDLE_IDENTIFIER = me.spotify.clone.SpotifyClone;
				PRODUCT_NAME = "$(TARGET_NAME)";
				SWIFT_VERSION = 5.0;
				TARGETED_DEVICE_FAMILY = "1,2";
			};
			name = Release;
		};
/* End XCBuildConfiguration section */

/* Begin XCConfigurationList section */
		408679AB262B2DC100981BCF /* Build configuration list for PBXProject "SpotifyClone" */ = {
			isa = XCConfigurationList;
			buildConfigurations = (
				408679C2262B2DC600981BCF /* Debug */,
				408679C3262B2DC600981BCF /* Release */,
			);
			defaultConfigurationIsVisible = 0;
			defaultConfigurationName = Release;
		};
		408679C4262B2DC600981BCF /* Build configuration list for PBXNativeTarget "SpotifyClone" */ = {
			isa = XCConfigurationList;
			buildConfigurations = (
				408679C5262B2DC600981BCF /* Debug */,
				408679C6262B2DC600981BCF /* Release */,
			);
			defaultConfigurationIsVisible = 0;
			defaultConfigurationName = Release;
		};
/* End XCConfigurationList section */
	};
	rootObject = 408679A8262B2DC100981BCF /* Project object */;
}
